
Microsoft Visual Studio Solution File, Format Version 12.00
# Visual Studio Version 17
VisualStudioVersion = 17.9.34728.123
MinimumVisualStudioVersion = 10.0.40219.1
Project("{9A19103F-16F7-4668-BE54-9A1E7A4F7556}") = "EJERCICIO3", "EJERCICIO3.csproj", "{71A201B8-0921-4EBD-8098-38AF8B3A1216}"
EndProject
Global
	GlobalSection(SolutionConfigurationPlatforms) = preSolution
		Debug|Any CPU = Debug|Any CPU
		Release|Any CPU = Release|Any CPU
	EndGlobalSection
	GlobalSection(ProjectConfigurationPlatforms) = postSolution
		{71A201B8-0921-4EBD-8098-38AF8B3A1216}.Debug|Any CPU.ActiveCfg = Debug|Any CPU
		{71A201B8-0921-4EBD-8098-38AF8B3A1216}.Debug|Any CPU.Build.0 = Debug|Any CPU
		{71A201B8-0921-4EBD-8098-38AF8B3A1216}.Release|Any CPU.ActiveCfg = Release|Any CPU
		{71A201B8-0921-4EBD-8098-38AF8B3A1216}.Release|Any CPU.Build.0 = Release|Any CPU
	EndGlobalSection
	GlobalSection(SolutionProperties) = preSolution
		HideSolutionNode = FALSE
	EndGlobalSection
	GlobalSection(ExtensibilityGlobals) = postSolution
		SolutionGuid = {C40F950C-0B8A-40D3-9AC6-59099334F70C}
	EndGlobalSection
EndGlobal
